
Microsoft Visual Studio Solution File, Format Version 12.00
# Visual Studio Version 16
VisualStudioVersion = 16.0.30907.101
MinimumVisualStudioVersion = 10.0.40219.1
Project("{9A19103F-16F7-4668-BE54-9A1E7A4F7556}") = "LabExam1 WinForm", "ExamPractice\LabExam1 WinForm.csproj", "{C6BDAAF5-BEF0-4D93-AB40-5B8D0C540E56}"
EndProject
Global
	GlobalSection(SolutionConfigurationPlatforms) = preSolution
		Debug|Any CPU = Debug|Any CPU
		Release|Any CPU = Release|Any CPU
	EndGlobalSection
	GlobalSection(ProjectConfigurationPlatforms) = postSolution
		{C6BDAAF5-BEF0-4D93-AB40-5B8D0C540E56}.Debug|Any CPU.ActiveCfg = Debug|Any CPU
		{C6BDAAF5-BEF0-4D93-AB40-5B8D0C540E56}.Debug|Any CPU.Build.0 = Debug|Any CPU
		{C6BDAAF5-BEF0-4D93-AB40-5B8D0C540E56}.Release|Any CPU.ActiveCfg = Release|Any CPU
		{C6BDAAF5-BEF0-4D93-AB40-5B8D0C540E56}.Release|Any CPU.Build.0 = Release|Any CPU
	EndGlobalSection
	GlobalSection(SolutionProperties) = preSolution
		HideSolutionNode = FALSE
	EndGlobalSection
	GlobalSection(ExtensibilityGlobals) = postSolution
		SolutionGuid = {F11C2FFE-AD86-49FD-9140-338F8B332708}
	EndGlobalSection
EndGlobal
